
Microsoft Visual Studio Solution File, Format Version 12.00
# Visual Studio Version 17
VisualStudioVersion = 17.14.36301.6 d17.14
MinimumVisualStudioVersion = 10.0.40219.1
Project("{FAE04EC0-301F-11D3-BF4B-00C04F79EFBC}") = "GeradorCertAuto", "GeradorCertAuto\GeradorCertAuto.csproj", "{B17B05D8-92E3-4D3E-8851-E1308BFECA9B}"
EndProject
Global
	GlobalSection(SolutionConfigurationPlatforms) = preSolution
		Debug|Any CPU = Debug|Any CPU
		Release|Any CPU = Release|Any CPU
	EndGlobalSection
	GlobalSection(ProjectConfigurationPlatforms) = postSolution
		{B17B05D8-92E3-4D3E-8851-E1308BFECA9B}.Debug|Any CPU.ActiveCfg = Debug|Any CPU
		{B17B05D8-92E3-4D3E-8851-E1308BFECA9B}.Debug|Any CPU.Build.0 = Debug|Any CPU
		{B17B05D8-92E3-4D3E-8851-E1308BFECA9B}.Release|Any CPU.ActiveCfg = Release|Any CPU
		{B17B05D8-92E3-4D3E-8851-E1308BFECA9B}.Release|Any CPU.Build.0 = Release|Any CPU
	EndGlobalSection
	GlobalSection(SolutionProperties) = preSolution
		HideSolutionNode = FALSE
	EndGlobalSection
	GlobalSection(ExtensibilityGlobals) = postSolution
		SolutionGuid = {B1F92D99-187F-44C7-ABE6-A4A808CB63D3}
	EndGlobalSection
EndGlobal
